
Microsoft Visual Studio Solution File, Format Version 12.00
# Visual Studio Version 16
VisualStudioVersion = 16.0.30717.126
MinimumVisualStudioVersion = 10.0.40219.1
Project("{FAE04EC0-301F-11D3-BF4B-00C04F79EFBC}") = "shlosi3", "shlosi3\shlosi3.csproj", "{6212D09F-9216-483C-B615-C8859E2FF1A7}"
EndProject
Global
	GlobalSection(SolutionConfigurationPlatforms) = preSolution
		Debug|Any CPU = Debug|Any CPU
		Release|Any CPU = Release|Any CPU
	EndGlobalSection
	GlobalSection(ProjectConfigurationPlatforms) = postSolution
		{6212D09F-9216-483C-B615-C8859E2FF1A7}.Debug|Any CPU.ActiveCfg = Debug|Any CPU
		{6212D09F-9216-483C-B615-C8859E2FF1A7}.Debug|Any CPU.Build.0 = Debug|Any CPU
		{6212D09F-9216-483C-B615-C8859E2FF1A7}.Release|Any CPU.ActiveCfg = Release|Any CPU
		{6212D09F-9216-483C-B615-C8859E2FF1A7}.Release|Any CPU.Build.0 = Release|Any CPU
	EndGlobalSection
	GlobalSection(SolutionProperties) = preSolution
		HideSolutionNode = FALSE
	EndGlobalSection
	GlobalSection(ExtensibilityGlobals) = postSolution
		SolutionGuid = {A1C2BCE5-48E6-4D83-A2AD-634C6052A1DD}
	EndGlobalSection
EndGlobal
